
Microsoft Visual Studio Solution File, Format Version 12.00
# Visual Studio Version 16
VisualStudioVersion = 16.0.29025.244
MinimumVisualStudioVersion = 10.0.40219.1
Project("{FAE04EC0-301F-11D3-BF4B-00C04F79EFBC}") = "WebP.Net", "WebP.Net\WebP.Net.csproj", "{3BE15585-E172-49EE-B12D-9F722D2CF608}"
EndProject
Project("{8BC9CEB8-8B4A-11D0-8D11-00A0C91BC942}") = "WebP.Wrapper", "WebP.Wrapper\WebP.Wrapper.vcxproj", "{A3AADD5D-7518-43BB-8D59-EC9C9604DA4E}"
EndProject
Global
	GlobalSection(SolutionConfigurationPlatforms) = preSolution
		Debug|x64 = Debug|x64
		Release|x64 = Release|x64
	EndGlobalSection
	GlobalSection(ProjectConfigurationPlatforms) = postSolution
		{3BE15585-E172-49EE-B12D-9F722D2CF608}.Debug|x64.ActiveCfg = Debug|x64
		{3BE15585-E172-49EE-B12D-9F722D2CF608}.Debug|x64.Build.0 = Debug|x64
		{3BE15585-E172-49EE-B12D-9F722D2CF608}.Release|x64.ActiveCfg = Release|x64
		{3BE15585-E172-49EE-B12D-9F722D2CF608}.Release|x64.Build.0 = Release|x64
		{A3AADD5D-7518-43BB-8D59-EC9C9604DA4E}.Debug|x64.ActiveCfg = Debug|x64
		{A3AADD5D-7518-43BB-8D59-EC9C9604DA4E}.Debug|x64.Build.0 = Debug|x64
		{A3AADD5D-7518-43BB-8D59-EC9C9604DA4E}.Release|x64.ActiveCfg = Release|x64
		{A3AADD5D-7518-43BB-8D59-EC9C9604DA4E}.Release|x64.Build.0 = Release|x64
	EndGlobalSection
	GlobalSection(SolutionProperties) = preSolution
		HideSolutionNode = FALSE
	EndGlobalSection
	GlobalSection(ExtensibilityGlobals) = postSolution
		SolutionGuid = {9B2B5795-939F-4A9E-A8BA-86FD9133CC78}
	EndGlobalSection
EndGlobal
